// !$*UTF8*$!
{
	archiveVersion = 1;
	classes = {
	};
	objectVersion = 77;
	objects = {

/* Begin PBXBuildFile section */
		455814195B4216FEB3381ED1 /* FluxFocusAppStoreTests.swift in Sources */ = {isa = PBXBuildFile; fileRef = 0A97B3AE27E92C137448F7C3 /* FluxFocusAppStoreTests.swift */; };
		877F57538F14235B5B9B6847 /* fluxfocusClip.app in Embed App Clips */ = {isa = PBXBuildFile; fileRef = A77C561C6D6FA5C3CB6FE63D /* fluxfocusClip.app */; };
		F165EFF9099A1C402870C505 /* Foundation.framework in Frameworks */ = {isa = PBXBuildFile; fileRef = 24993E31A3401B8ED420E4D7 /* Foundation.framework */; };
		F31BCB021FD62561275CB79E /* Foundation.framework in Frameworks */ = {isa = PBXBuildFile; fileRef = 24993E31A3401B8ED420E4D7 /* Foundation.framework */; };
		F95DB7752F65ED9500E80673 /* WheelPickerKit in Frameworks */ = {isa = PBXBuildFile; productRef = F95DB7742F65ED9500E80673 /* WheelPickerKit */; };
/* End PBXBuildFile section */

/* Begin PBXContainerItemProxy section */
		5052862A0C5AD3ED5D7315F8 /* PBXContainerItemProxy */ = {
			isa = PBXContainerItemProxy;
			containerPortal = F9F6EBFA2F62F93C0049218E /* Project object */;
			proxyType = 1;
			remoteGlobalIDString = F9F6EC012F62F93C0049218E;
			remoteInfo = fluxfocus;
		};
		59A5EAF92F50471172151433 /* PBXContainerItemProxy */ = {
			isa = PBXContainerItemProxy;
			containerPortal = F9F6EBFA2F62F93C0049218E /* Project object */;
			proxyType = 1;
			remoteGlobalIDString = 84A532B971281DA1305FCC63;
			remoteInfo = fluxfocusClip;
		};
/* End PBXContainerItemProxy section */

/* Begin PBXCopyFilesBuildPhase section */
		2B6C8F355D980779B09A438B /* Embed App Clips */ = {
			isa = PBXCopyFilesBuildPhase;
			buildActionMask = 2147483647;
			dstPath = "$(CONTENTS_FOLDER_PATH)/AppClips";
			dstSubfolderSpec = 16;
			files = (
				877F57538F14235B5B9B6847 /* fluxfocusClip.app in Embed App Clips */,
			);
			name = "Embed App Clips";
			runOnlyForDeploymentPostprocessing = 0;
		};
/* End PBXCopyFilesBuildPhase section */

/* Begin PBXFileReference section */
		0A97B3AE27E92C137448F7C3 /* FluxFocusAppStoreTests.swift */ = {isa = PBXFileReference; includeInIndex = 1; lastKnownFileType = sourcecode.swift; path = FluxFocusAppStoreTests.swift; sourceTree = "<group>"; };
		24993E31A3401B8ED420E4D7 /* Foundation.framework */ = {isa = PBXFileReference; lastKnownFileType = wrapper.framework; name = Foundation.framework; path = Platforms/iPhoneOS.platform/Developer/SDKs/iPhoneOS18.0.sdk/System/Library/Frameworks/Foundation.framework; sourceTree = DEVELOPER_DIR; };
		372C42032549E7FFE6970E1C /* fluxfocusTests.xctest */ = {isa = PBXFileReference; explicitFileType = wrapper.cfbundle; includeInIndex = 0; path = fluxfocusTests.xctest; sourceTree = BUILT_PRODUCTS_DIR; };
		A77C561C6D6FA5C3CB6FE63D /* fluxfocusClip.app */ = {isa = PBXFileReference; explicitFileType = wrapper.application; includeInIndex = 0; path = fluxfocusClip.app; sourceTree = BUILT_PRODUCTS_DIR; };
		F9F6EC022F62F93C0049218E /* fluxfocus.app */ = {isa = PBXFileReference; explicitFileType = wrapper.application; includeInIndex = 0; path = fluxfocus.app; sourceTree = BUILT_PRODUCTS_DIR; };
/* End PBXFileReference section */

/* Begin PBXFileSystemSynchronizedBuildFileExceptionSet section */
		22B98F5A3BC7DAC0BA8AE34A /* Exceptions for "fluxfocusClip" folder in "fluxfocusClip" target */ = {
			isa = PBXFileSystemSynchronizedBuildFileExceptionSet;
			membershipExceptions = (
				Info.plist,
			);
			target = 84A532B971281DA1305FCC63 /* fluxfocusClip */;
		};
		F0B22C9F63A84330B18379D3 /* Exceptions for "fluxfocus" folder in "fluxfocus" target */ = {
			isa = PBXFileSystemSynchronizedBuildFileExceptionSet;
			membershipExceptions = (
				Info.plist,
			);
			target = F9F6EC012F62F93C0049218E /* fluxfocus */;
		};
/* End PBXFileSystemSynchronizedBuildFileExceptionSet section */

/* Begin PBXFileSystemSynchronizedRootGroup section */
		4ABAB7097336D53CE7F8A135 /* fluxfocusClip */ = {
			isa = PBXFileSystemSynchronizedRootGroup;
			exceptions = (
				22B98F5A3BC7DAC0BA8AE34A /* Exceptions for "fluxfocusClip" folder in "fluxfocusClip" target */,
			);
			path = fluxfocusClip;
			sourceTree = "<group>";
		};
		F9F6EC042F62F93C0049218E /* fluxfocus */ = {
			isa = PBXFileSystemSynchronizedRootGroup;
			exceptions = (
				F0B22C9F63A84330B18379D3 /* Exceptions for "fluxfocus" folder in "fluxfocus" target */,
			);
			path = fluxfocus;
			sourceTree = "<group>";
		};
/* End PBXFileSystemSynchronizedRootGroup section */

/* Begin PBXFrameworksBuildPhase section */
		324E7DE205F47F8535F3D112 /* Frameworks */ = {
			isa = PBXFrameworksBuildPhase;
			buildActionMask = 2147483647;
			files = (
				F165EFF9099A1C402870C505 /* Foundation.framework in Frameworks */,
			);
			runOnlyForDeploymentPostprocessing = 0;
		};
		5DEE02D72A8145EA5D75A0FF /* Frameworks */ = {
			isa = PBXFrameworksBuildPhase;
			buildActionMask = 2147483647;
			files = (
				F31BCB021FD62561275CB79E /* Foundation.framework in Frameworks */,
			);
			runOnlyForDeploymentPostprocessing = 0;
		};
		F9F6EBFF2F62F93C0049218E /* Frameworks */ = {
			isa = PBXFrameworksBuildPhase;
			buildActionMask = 2147483647;
			files = (
				F95DB7752F65ED9500E80673 /* WheelPickerKit in Frameworks */,
			);
			runOnlyForDeploymentPostprocessing = 0;
		};
/* End PBXFrameworksBuildPhase section */

/* Begin PBXGroup section */
		412D5B9241D1A1D0A6CDA887 /* iOS */ = {
			isa = PBXGroup;
			children = (
				24993E31A3401B8ED420E4D7 /* Foundation.framework */,
			);
			name = iOS;
			sourceTree = "<group>";
		};
		4D640C7D5F2F90BD2180CDDA /* Frameworks */ = {
			isa = PBXGroup;
			children = (
				412D5B9241D1A1D0A6CDA887 /* iOS */,
			);
			name = Frameworks;
			sourceTree = "<group>";
		};
		83DDFA419270B0EB532FB21E /* fluxfocusTests */ = {
			isa = PBXGroup;
			children = (
				0A97B3AE27E92C137448F7C3 /* FluxFocusAppStoreTests.swift */,
			);
			path = fluxfocusTests;
			sourceTree = "<group>";
		};
		F9F6EBF92F62F93C0049218E = {
			isa = PBXGroup;
			children = (
				F9F6EC042F62F93C0049218E /* fluxfocus */,
				F9F6EC032F62F93C0049218E /* Products */,
				4ABAB7097336D53CE7F8A135 /* fluxfocusClip */,
				4D640C7D5F2F90BD2180CDDA /* Frameworks */,
				83DDFA419270B0EB532FB21E /* fluxfocusTests */,
			);
			sourceTree = "<group>";
		};
		F9F6EC032F62F93C0049218E /* Products */ = {
			isa = PBXGroup;
			children = (
				F9F6EC022F62F93C0049218E /* fluxfocus.app */,
				A77C561C6D6FA5C3CB6FE63D /* fluxfocusClip.app */,
				372C42032549E7FFE6970E1C /* fluxfocusTests.xctest */,
			);
			name = Products;
			sourceTree = "<group>";
		};
/* End PBXGroup section */

/* Begin PBXNativeTarget section */
		21F73CC9E4564C603070BD25 /* fluxfocusTests */ = {
			isa = PBXNativeTarget;
			buildConfigurationList = C0197BE23932BA87F16BAD05 /* Build configuration list for PBXNativeTarget "fluxfocusTests" */;
			buildPhases = (
				C0ABAAFC09B5995041418098 /* Sources */,
				324E7DE205F47F8535F3D112 /* Frameworks */,
				7BE0F60ED2DA4FF86299DE07 /* Resources */,
			);
			buildRules = (
			);
			dependencies = (
				930E6EC4656048DD6D10241B /* PBXTargetDependency */,
			);
			name = fluxfocusTests;
			productName = fluxfocusTests;
			productReference = 372C42032549E7FFE6970E1C /* fluxfocusTests.xctest */;
			productType = "com.apple.product-type.bundle.unit-test";
		};
		84A532B971281DA1305FCC63 /* fluxfocusClip */ = {
			isa = PBXNativeTarget;
			buildConfigurationList = 0103772F7E0D51127BC603F4 /* Build configuration list for PBXNativeTarget "fluxfocusClip" */;
			buildPhases = (
				7CC5D87D58BA8FA490D68EEF /* Sources */,
				5DEE02D72A8145EA5D75A0FF /* Frameworks */,
				330C2967171490B137CFAE05 /* Resources */,
			);
			buildRules = (
			);
			dependencies = (
			);
			fileSystemSynchronizedGroups = (
				4ABAB7097336D53CE7F8A135 /* fluxfocusClip */,
			);
			name = fluxfocusClip;
			productName = fluxfocusClip;
			productReference = A77C561C6D6FA5C3CB6FE63D /* fluxfocusClip.app */;
			productType = "com.apple.product-type.application.on-demand-install-capable";
		};
		F9F6EC012F62F93C0049218E /* fluxfocus */ = {
			isa = PBXNativeTarget;
			buildConfigurationList = F9F6EC0D2F62F93E0049218E /* Build configuration list for PBXNativeTarget "fluxfocus" */;
			buildPhases = (
				F9F6EBFE2F62F93C0049218E /* Sources */,
				F9F6EBFF2F62F93C0049218E /* Frameworks */,
				F9F6EC002F62F93C0049218E /* Resources */,
				2B6C8F355D980779B09A438B /* Embed App Clips */,
			);
			buildRules = (
			);
			dependencies = (
				4D990165A7EC3E005C1BD192 /* PBXTargetDependency */,
			);
			fileSystemSynchronizedGroups = (
				F9F6EC042F62F93C0049218E /* fluxfocus */,
			);
			name = fluxfocus;
			packageProductDependencies = (
				F95DB7742F65ED9500E80673 /* WheelPickerKit */,
			);
			productName = fluxfocus;
			productReference = F9F6EC022F62F93C0049218E /* fluxfocus.app */;
			productType = "com.apple.product-type.application";
		};
/* End PBXNativeTarget section */

/* Begin PBXProject section */
		F9F6EBFA2F62F93C0049218E /* Project object */ = {
			isa = PBXProject;
			attributes = {
				BuildIndependentTargetsInParallel = 1;
				LastSwiftUpdateCheck = 2630;
				LastUpgradeCheck = 2630;
				TargetAttributes = {
					84A532B971281DA1305FCC63 = {
						CreatedOnToolsVersion = 26.3;
					};
					F9F6EC012F62F93C0049218E = {
						CreatedOnToolsVersion = 26.3;
					};
				};
			};
			buildConfigurationList = F9F6EBFD2F62F93C0049218E /* Build configuration list for PBXProject "fluxfocus" */;
			developmentRegion = en;
			hasScannedForEncodings = 0;
			knownRegions = (
				en,
				Base,
			);
			mainGroup = F9F6EBF92F62F93C0049218E;
			minimizedProjectReferenceProxies = 1;
			packageReferences = (
				F95DB7732F65ED6E00E80673 /* XCRemoteSwiftPackageReference "TimePickerForSwiftUI" */,
			);
			preferredProjectObjectVersion = 77;
			productRefGroup = F9F6EC032F62F93C0049218E /* Products */;
			projectDirPath = "";
			projectRoot = "";
			targets = (
				F9F6EC012F62F93C0049218E /* fluxfocus */,
				84A532B971281DA1305FCC63 /* fluxfocusClip */,
				21F73CC9E4564C603070BD25 /* fluxfocusTests */,
			);
		};
/* End PBXProject section */

/* Begin PBXResourcesBuildPhase section */
		330C2967171490B137CFAE05 /* Resources */ = {
			isa = PBXResourcesBuildPhase;
			buildActionMask = 2147483647;
			files = (
			);
			runOnlyForDeploymentPostprocessing = 0;
		};
		7BE0F60ED2DA4FF86299DE07 /* Resources */ = {
			isa = PBXResourcesBuildPhase;
			buildActionMask = 2147483647;
			files = (
			);
			runOnlyForDeploymentPostprocessing = 0;
		};
		F9F6EC002F62F93C0049218E /* Resources */ = {
			isa = PBXResourcesBuildPhase;
			buildActionMask = 2147483647;
			files = (
			);
			runOnlyForDeploymentPostprocessing = 0;
		};
/* End PBXResourcesBuildPhase section */

/* Begin PBXSourcesBuildPhase section */
		7CC5D87D58BA8FA490D68EEF /* Sources */ = {
			isa = PBXSourcesBuildPhase;
			buildActionMask = 2147483647;
			files = (
			);
			runOnlyForDeploymentPostprocessing = 0;
		};
		C0ABAAFC09B5995041418098 /* Sources */ = {
			isa = PBXSourcesBuildPhase;
			buildActionMask = 2147483647;
			files = (
				455814195B4216FEB3381ED1 /* FluxFocusAppStoreTests.swift in Sources */,
			);
			runOnlyForDeploymentPostprocessing = 0;
		};
		F9F6EBFE2F62F93C0049218E /* Sources */ = {
			isa = PBXSourcesBuildPhase;
			buildActionMask = 2147483647;
			files = (
			);
			runOnlyForDeploymentPostprocessing = 0;
		};
/* End PBXSourcesBuildPhase section */

/* Begin PBXTargetDependency section */
		4D990165A7EC3E005C1BD192 /* PBXTargetDependency */ = {
			isa = PBXTargetDependency;
			name = fluxfocusClip;
			target = 84A532B971281DA1305FCC63 /* fluxfocusClip */;
			targetProxy = 59A5EAF92F50471172151433 /* PBXContainerItemProxy */;
		};
		930E6EC4656048DD6D10241B /* PBXTargetDependency */ = {
			isa = PBXTargetDependency;
			name = fluxfocus;
			target = F9F6EC012F62F93C0049218E /* fluxfocus */;
			targetProxy = 5052862A0C5AD3ED5D7315F8 /* PBXContainerItemProxy */;
		};
/* End PBXTargetDependency section */

/* Begin XCBuildConfiguration section */
		6D559DFF95D6EED19D71D4FF /* Release */ = {
			isa = XCBuildConfiguration;
			buildSettings = {
				APP_CLIP_DOMAIN = fluxfocusclip.lraitech.com;
				ASSETCATALOG_COMPILER_APPICON_NAME = AppIcon;
				ASSETCATALOG_COMPILER_GLOBAL_ACCENT_COLOR_NAME = AccentColor;
				CLANG_ENABLE_OBJC_WEAK = NO;
				CODE_SIGN_ENTITLEMENTS = fluxfocusClip/fluxfocusClip.entitlements;
				CODE_SIGN_STYLE = Automatic;
				CURRENT_PROJECT_VERSION = 14;
				DEVELOPMENT_TEAM = RZD9M68FZ9;
				GENERATE_INFOPLIST_FILE = NO;
				INFOPLIST_FILE = fluxfocusClip/Info.plist;
				INFOPLIST_KEY_CFBundleDisplayName = "Flux Focus";
				INFOPLIST_KEY_CFBundleIconName = AppIcon;
				INFOPLIST_KEY_LSApplicationCategoryType = "public.app-category.productivity";
				INFOPLIST_KEY_NFCReaderUsageDescription = "此 App 需要读取来自 NFC 标签的专注启动链接。";
				IPHONEOS_DEPLOYMENT_TARGET = 18.6;
				LD_RUNPATH_SEARCH_PATHS = (
					"$(inherited)",
					"@executable_path/Frameworks",
				);
				MARKETING_VERSION = 1.0;
				PRODUCT_BUNDLE_IDENTIFIER = studio.lrai.fluxfocus.Clip;
				PRODUCT_NAME = "$(TARGET_NAME)";
				SDKROOT = iphoneos;
				SKIP_INSTALL = YES;
				SWIFT_APPROACHABLE_CONCURRENCY = YES;
				SWIFT_DEFAULT_ACTOR_ISOLATION = MainActor;
				SWIFT_EMIT_LOC_STRINGS = YES;
				SWIFT_UPCOMING_FEATURE_MEMBER_IMPORT_VISIBILITY = YES;
				SWIFT_VERSION = 5.0;
				TARGETED_DEVICE_FAMILY = "1,2";
				VALIDATE_PRODUCT = YES;
			};
			name = Release;
		};
		BDE1C51C67553F46E7885FAD /* Release */ = {
			isa = XCBuildConfiguration;
			buildSettings = {
				BUNDLE_LOADER = "$(TEST_HOST)";
				CLANG_ENABLE_OBJC_WEAK = NO;
				CODE_SIGNING_ALLOWED = NO;
				CODE_SIGN_STYLE = Automatic;
				GENERATE_INFOPLIST_FILE = YES;
				IPHONEOS_DEPLOYMENT_TARGET = 18.6;
				LD_RUNPATH_SEARCH_PATHS = (
					"$(inherited)",
					"@executable_path/Frameworks",
					"@loader_path/Frameworks",
				);
				PRODUCT_BUNDLE_IDENTIFIER = studio.lrai.fluxfocusTests;
				PRODUCT_NAME = "$(TARGET_NAME)";
				SDKROOT = iphoneos;
				SKIP_INSTALL = YES;
				SWIFT_EMIT_LOC_STRINGS = NO;
				SWIFT_VERSION = 5.0;
				TARGETED_DEVICE_FAMILY = "1,2";
				TEST_HOST = "$(BUILT_PRODUCTS_DIR)/fluxfocus.app/fluxfocus";
				TEST_TARGET_NAME = fluxfocus;
				VALIDATE_PRODUCT = YES;
			};
			name = Release;
		};
		D4D3773FA594FD7B5A776454 /* Debug */ = {
			isa = XCBuildConfiguration;
			buildSettings = {
				APP_CLIP_DOMAIN = fluxfocusclip.lraitech.com;
				ASSETCATALOG_COMPILER_APPICON_NAME = AppIcon;
				ASSETCATALOG_COMPILER_GLOBAL_ACCENT_COLOR_NAME = AccentColor;
				CLANG_ENABLE_OBJC_WEAK = NO;
				CODE_SIGN_ENTITLEMENTS = fluxfocusClip/fluxfocusClip.entitlements;
				CODE_SIGN_STYLE = Automatic;
				CURRENT_PROJECT_VERSION = 14;
				DEVELOPMENT_TEAM = RZD9M68FZ9;
				GENERATE_INFOPLIST_FILE = NO;
				INFOPLIST_FILE = fluxfocusClip/Info.plist;
				INFOPLIST_KEY_CFBundleDisplayName = "Flux Focus";
				INFOPLIST_KEY_CFBundleIconName = AppIcon;
				INFOPLIST_KEY_LSApplicationCategoryType = "public.app-category.productivity";
				INFOPLIST_KEY_NFCReaderUsageDescription = "此 App 需要读取来自 NFC 标签的专注启动链接。";
				IPHONEOS_DEPLOYMENT_TARGET = 18.6;
				LD_RUNPATH_SEARCH_PATHS = (
					"$(inherited)",
					"@executable_path/Frameworks",
				);
				MARKETING_VERSION = 1.0;
				PRODUCT_BUNDLE_IDENTIFIER = studio.lrai.fluxfocus.Clip;
				PRODUCT_NAME = "$(TARGET_NAME)";
				SDKROOT = iphoneos;
				SKIP_INSTALL = YES;
				SWIFT_APPROACHABLE_CONCURRENCY = YES;
				SWIFT_DEFAULT_ACTOR_ISOLATION = MainActor;
				SWIFT_EMIT_LOC_STRINGS = YES;
				SWIFT_UPCOMING_FEATURE_MEMBER_IMPORT_VISIBILITY = YES;
				SWIFT_VERSION = 5.0;
				TARGETED_DEVICE_FAMILY = "1,2";
			};
			name = Debug;
		};
		F9F6EC0B2F62F93E0049218E /* Debug */ = {
			isa = XCBuildConfiguration;
			buildSettings = {
				ALWAYS_SEARCH_USER_PATHS = NO;
				ASSETCATALOG_COMPILER_GENERATE_SWIFT_ASSET_SYMBOL_EXTENSIONS = YES;
				CLANG_ANALYZER_NONNULL = YES;
				CLANG_ANALYZER_NUMBER_OBJECT_CONVERSION = YES_AGGRESSIVE;
				CLANG_CXX_LANGUAGE_STANDARD = "gnu++20";
				CLANG_ENABLE_MODULES = YES;
				CLANG_ENABLE_OBJC_ARC = YES;
				CLANG_ENABLE_OBJC_WEAK = YES;
				CLANG_WARN_BLOCK_CAPTURE_AUTORELEASING = YES;
				CLANG_WARN_BOOL_CONVERSION = YES;
				CLANG_WARN_COMMA = YES;
				CLANG_WARN_CONSTANT_CONVERSION = YES;
				CLANG_WARN_DEPRECATED_OBJC_IMPLEMENTATIONS = YES;
				CLANG_WARN_DIRECT_OBJC_ISA_USAGE = YES_ERROR;
				CLANG_WARN_DOCUMENTATION_COMMENTS = YES;
				CLANG_WARN_EMPTY_BODY = YES;
				CLANG_WARN_ENUM_CONVERSION = YES;
				CLANG_WARN_INFINITE_RECURSION = YES;
				CLANG_WARN_INT_CONVERSION = YES;
				CLANG_WARN_NON_LITERAL_NULL_CONVERSION = YES;
				CLANG_WARN_OBJC_IMPLICIT_RETAIN_SELF = YES;
				CLANG_WARN_OBJC_LITERAL_CONVERSION = YES;
				CLANG_WARN_OBJC_ROOT_CLASS = YES_ERROR;
				CLANG_WARN_QUOTED_INCLUDE_IN_FRAMEWORK_HEADER = YES;
				CLANG_WARN_RANGE_LOOP_ANALYSIS = YES;
				CLANG_WARN_STRICT_PROTOTYPES = YES;
				CLANG_WARN_SUSPICIOUS_MOVE = YES;
				CLANG_WARN_UNGUARDED_AVAILABILITY = YES_AGGRESSIVE;
				CLANG_WARN_UNREACHABLE_CODE = YES;
				CLANG_WARN__DUPLICATE_METHOD_MATCH = YES;
				COPY_PHASE_STRIP = NO;
				DEBUG_INFORMATION_FORMAT = dwarf;
				DEVELOPMENT_TEAM = RZD9M68FZ9;
				ENABLE_STRICT_OBJC_MSGSEND = YES;
				ENABLE_TESTABILITY = YES;
				ENABLE_USER_SCRIPT_SANDBOXING = YES;
				GCC_C_LANGUAGE_STANDARD = gnu17;
				GCC_DYNAMIC_NO_PIC = NO;
				GCC_NO_COMMON_BLOCKS = YES;
				GCC_OPTIMIZATION_LEVEL = 0;
				GCC_PREPROCESSOR_DEFINITIONS = (
					"DEBUG=1",
					"$(inherited)",
				);
				GCC_WARN_64_TO_32_BIT_CONVERSION = YES;
				GCC_WARN_ABOUT_RETURN_TYPE = YES_ERROR;
				GCC_WARN_UNDECLARED_SELECTOR = YES;
				GCC_WARN_UNINITIALIZED_AUTOS = YES_AGGRESSIVE;
				GCC_WARN_UNUSED_FUNCTION = YES;
				GCC_WARN_UNUSED_VARIABLE = YES;
				IPHONEOS_DEPLOYMENT_TARGET = 26.2;
				LOCALIZATION_PREFERS_STRING_CATALOGS = YES;
				MTL_ENABLE_DEBUG_INFO = INCLUDE_SOURCE;
				MTL_FAST_MATH = YES;
				ONLY_ACTIVE_ARCH = YES;
				SDKROOT = iphoneos;
				SWIFT_ACTIVE_COMPILATION_CONDITIONS = "DEBUG $(inherited)";
				SWIFT_OPTIMIZATION_LEVEL = "-Onone";
			};
			name = Debug;
		};
		F9F6EC0C2F62F93E0049218E /* Release */ = {
			isa = XCBuildConfiguration;
			buildSettings = {
				ALWAYS_SEARCH_USER_PATHS = NO;
				ASSETCATALOG_COMPILER_GENERATE_SWIFT_ASSET_SYMBOL_EXTENSIONS = YES;
				CLANG_ANALYZER_NONNULL = YES;
				CLANG_ANALYZER_NUMBER_OBJECT_CONVERSION = YES_AGGRESSIVE;
				CLANG_CXX_LANGUAGE_STANDARD = "gnu++20";
				CLANG_ENABLE_MODULES = YES;
				CLANG_ENABLE_OBJC_ARC = YES;
				CLANG_ENABLE_OBJC_WEAK = YES;
				CLANG_WARN_BLOCK_CAPTURE_AUTORELEASING = YES;
				CLANG_WARN_BOOL_CONVERSION = YES;
				CLANG_WARN_COMMA = YES;
				CLANG_WARN_CONSTANT_CONVERSION = YES;
				CLANG_WARN_DEPRECATED_OBJC_IMPLEMENTATIONS = YES;
				CLANG_WARN_DIRECT_OBJC_ISA_USAGE = YES_ERROR;
				CLANG_WARN_DOCUMENTATION_COMMENTS = YES;
				CLANG_WARN_EMPTY_BODY = YES;
				CLANG_WARN_ENUM_CONVERSION = YES;
				CLANG_WARN_INFINITE_RECURSION = YES;
				CLANG_WARN_INT_CONVERSION = YES;
				CLANG_WARN_NON_LITERAL_NULL_CONVERSION = YES;
				CLANG_WARN_OBJC_IMPLICIT_RETAIN_SELF = YES;
				CLANG_WARN_OBJC_LITERAL_CONVERSION = YES;
				CLANG_WARN_OBJC_ROOT_CLASS = YES_ERROR;
				CLANG_WARN_QUOTED_INCLUDE_IN_FRAMEWORK_HEADER = YES;
				CLANG_WARN_RANGE_LOOP_ANALYSIS = YES;
				CLANG_WARN_STRICT_PROTOTYPES = YES;
				CLANG_WARN_SUSPICIOUS_MOVE = YES;
				CLANG_WARN_UNGUARDED_AVAILABILITY = YES_AGGRESSIVE;
				CLANG_WARN_UNREACHABLE_CODE = YES;
				CLANG_WARN__DUPLICATE_METHOD_MATCH = YES;
				COPY_PHASE_STRIP = NO;
				DEBUG_INFORMATION_FORMAT = "dwarf-with-dsym";
				DEVELOPMENT_TEAM = RZD9M68FZ9;
				ENABLE_NS_ASSERTIONS = NO;
				ENABLE_STRICT_OBJC_MSGSEND = YES;
				ENABLE_USER_SCRIPT_SANDBOXING = YES;
				GCC_C_LANGUAGE_STANDARD = gnu17;
				GCC_NO_COMMON_BLOCKS = YES;
				GCC_WARN_64_TO_32_BIT_CONVERSION = YES;
				GCC_WARN_ABOUT_RETURN_TYPE = YES_ERROR;
				GCC_WARN_UNDECLARED_SELECTOR = YES;
				GCC_WARN_UNINITIALIZED_AUTOS = YES_AGGRESSIVE;
				GCC_WARN_UNUSED_FUNCTION = YES;
				GCC_WARN_UNUSED_VARIABLE = YES;
				IPHONEOS_DEPLOYMENT_TARGET = 26.2;
				LOCALIZATION_PREFERS_STRING_CATALOGS = YES;
				MTL_ENABLE_DEBUG_INFO = NO;
				MTL_FAST_MATH = YES;
				SDKROOT = iphoneos;
				SWIFT_COMPILATION_MODE = wholemodule;
				VALIDATE_PRODUCT = YES;
			};
			name = Release;
		};
		F9F6EC0E2F62F93E0049218E /* Debug */ = {
			isa = XCBuildConfiguration;
			buildSettings = {
				APP_CLIP_DOMAIN = fluxfocusclip.lraitech.com;
				ASSETCATALOG_COMPILER_APPICON_NAME = AppIcon;
				ASSETCATALOG_COMPILER_GLOBAL_ACCENT_COLOR_NAME = AccentColor;
				CODE_SIGN_ENTITLEMENTS = fluxfocus/fluxfocus.entitlements;
				CODE_SIGN_IDENTITY = "Apple Development";
				CODE_SIGN_STYLE = Automatic;
				CURRENT_PROJECT_VERSION = 14;
				DEVELOPMENT_TEAM = RZD9M68FZ9;
				ENABLE_PREVIEWS = YES;
				GENERATE_INFOPLIST_FILE = NO;
				INFOPLIST_FILE = fluxfocus/Info.plist;
				INFOPLIST_KEY_CFBundleDisplayName = "Flux Focus";
				INFOPLIST_KEY_LSApplicationCategoryType = "public.app-category.productivity";
				IPHONEOS_DEPLOYMENT_TARGET = 18.6;
				LD_RUNPATH_SEARCH_PATHS = (
					"$(inherited)",
					"@executable_path/Frameworks",
				);
				MARKETING_VERSION = 1.0;
				PRODUCT_BUNDLE_IDENTIFIER = studio.lrai.fluxfocus;
				PRODUCT_NAME = "$(TARGET_NAME)";
				PROVISIONING_PROFILE_SPECIFIER = "";
				STRING_CATALOG_GENERATE_SYMBOLS = YES;
				SWIFT_APPROACHABLE_CONCURRENCY = YES;
				SWIFT_DEFAULT_ACTOR_ISOLATION = MainActor;
				SWIFT_EMIT_LOC_STRINGS = YES;
				SWIFT_UPCOMING_FEATURE_MEMBER_IMPORT_VISIBILITY = YES;
				SWIFT_VERSION = 5.0;
				TARGETED_DEVICE_FAMILY = "1,2";
			};
			name = Debug;
		};
		F9F6EC0F2F62F93E0049218E /* Release */ = {
			isa = XCBuildConfiguration;
			buildSettings = {
				APP_CLIP_DOMAIN = fluxfocusclip.lraitech.com;
				ASSETCATALOG_COMPILER_APPICON_NAME = AppIcon;
				ASSETCATALOG_COMPILER_GLOBAL_ACCENT_COLOR_NAME = AccentColor;
				CODE_SIGN_ENTITLEMENTS = fluxfocus/fluxfocus.entitlements;
				CODE_SIGN_IDENTITY = "Apple Development";
				CODE_SIGN_STYLE = Automatic;
				CURRENT_PROJECT_VERSION = 14;
				DEVELOPMENT_TEAM = RZD9M68FZ9;
				ENABLE_PREVIEWS = YES;
				GENERATE_INFOPLIST_FILE = NO;
				INFOPLIST_FILE = fluxfocus/Info.plist;
				INFOPLIST_KEY_CFBundleDisplayName = "Flux Focus";
				INFOPLIST_KEY_LSApplicationCategoryType = "public.app-category.productivity";
				IPHONEOS_DEPLOYMENT_TARGET = 18.6;
				LD_RUNPATH_SEARCH_PATHS = (
					"$(inherited)",
					"@executable_path/Frameworks",
				);
				MARKETING_VERSION = 1.0;
				PRODUCT_BUNDLE_IDENTIFIER = studio.lrai.fluxfocus;
				PRODUCT_NAME = "$(TARGET_NAME)";
				PROVISIONING_PROFILE_SPECIFIER = "";
				STRING_CATALOG_GENERATE_SYMBOLS = YES;
				SWIFT_APPROACHABLE_CONCURRENCY = YES;
				SWIFT_DEFAULT_ACTOR_ISOLATION = MainActor;
				SWIFT_EMIT_LOC_STRINGS = YES;
				SWIFT_UPCOMING_FEATURE_MEMBER_IMPORT_VISIBILITY = YES;
				SWIFT_VERSION = 5.0;
				TARGETED_DEVICE_FAMILY = "1,2";
			};
			name = Release;
		};
		FE2759B1556CAFA50294FC46 /* Debug */ = {
			isa = XCBuildConfiguration;
			buildSettings = {
				BUNDLE_LOADER = "$(TEST_HOST)";
				CLANG_ENABLE_OBJC_WEAK = NO;
				CODE_SIGNING_ALLOWED = NO;
				CODE_SIGN_STYLE = Automatic;
				GENERATE_INFOPLIST_FILE = YES;
				IPHONEOS_DEPLOYMENT_TARGET = 18.6;
				LD_RUNPATH_SEARCH_PATHS = (
					"$(inherited)",
					"@executable_path/Frameworks",
					"@loader_path/Frameworks",
				);
				PRODUCT_BUNDLE_IDENTIFIER = studio.lrai.fluxfocusTests;
				PRODUCT_NAME = "$(TARGET_NAME)";
				SDKROOT = iphoneos;
				SKIP_INSTALL = YES;
				SWIFT_EMIT_LOC_STRINGS = NO;
				SWIFT_VERSION = 5.0;
				TARGETED_DEVICE_FAMILY = "1,2";
				TEST_HOST = "$(BUILT_PRODUCTS_DIR)/fluxfocus.app/fluxfocus";
				TEST_TARGET_NAME = fluxfocus;
				VALIDATE_PRODUCT = YES;
			};
			name = Debug;
		};
/* End XCBuildConfiguration section */

/* Begin XCConfigurationList section */
		0103772F7E0D51127BC603F4 /* Build configuration list for PBXNativeTarget "fluxfocusClip" */ = {
			isa = XCConfigurationList;
			buildConfigurations = (
				6D559DFF95D6EED19D71D4FF /* Release */,
				D4D3773FA594FD7B5A776454 /* Debug */,
			);
			defaultConfigurationIsVisible = 0;
			defaultConfigurationName = Release;
		};
		C0197BE23932BA87F16BAD05 /* Build configuration list for PBXNativeTarget "fluxfocusTests" */ = {
			isa = XCConfigurationList;
			buildConfigurations = (
				BDE1C51C67553F46E7885FAD /* Release */,
				FE2759B1556CAFA50294FC46 /* Debug */,
			);
			defaultConfigurationIsVisible = 0;
			defaultConfigurationName = Release;
		};
		F9F6EBFD2F62F93C0049218E /* Build configuration list for PBXProject "fluxfocus" */ = {
			isa = XCConfigurationList;
			buildConfigurations = (
				F9F6EC0B2F62F93E0049218E /* Debug */,
				F9F6EC0C2F62F93E0049218E /* Release */,
			);
			defaultConfigurationIsVisible = 0;
			defaultConfigurationName = Release;
		};
		F9F6EC0D2F62F93E0049218E /* Build configuration list for PBXNativeTarget "fluxfocus" */ = {
			isa = XCConfigurationList;
			buildConfigurations = (
				F9F6EC0E2F62F93E0049218E /* Debug */,
				F9F6EC0F2F62F93E0049218E /* Release */,
			);
			defaultConfigurationIsVisible = 0;
			defaultConfigurationName = Release;
		};
/* End XCConfigurationList section */

/* Begin XCRemoteSwiftPackageReference section */
		F95DB7732F65ED6E00E80673 /* XCRemoteSwiftPackageReference "TimePickerForSwiftUI" */ = {
			isa = XCRemoteSwiftPackageReference;
			repositoryURL = "https://github.com/Alcu1n/TimePickerForSwiftUI";
			requirement = {
				kind = upToNextMajorVersion;
				minimumVersion = 1.0.0;
			};
		};
/* End XCRemoteSwiftPackageReference section */

/* Begin XCSwiftPackageProductDependency section */
		F95DB7742F65ED9500E80673 /* WheelPickerKit */ = {
			isa = XCSwiftPackageProductDependency;
			package = F95DB7732F65ED6E00E80673 /* XCRemoteSwiftPackageReference "TimePickerForSwiftUI" */;
			productName = WheelPickerKit;
		};
/* End XCSwiftPackageProductDependency section */
	};
	rootObject = F9F6EBFA2F62F93C0049218E /* Project object */;
}
